// !$*UTF8*$!
{
	archiveVersion = 1;
	classes = {
	};
	objectVersion = 51;
	objects = {

/* Begin PBXBuildFile section */
		3BC20EF833A53685D34601B0 /* Pods_Bark_or_Bite.framework in Frameworks */ = {isa = PBXBuildFile; fileRef = B094FD5D752078E23CE81216 /* Pods_Bark_or_Bite.framework */; };
		F618DC39258A914200DEB613 /* ChatListViewController.swift in Sources */ = {isa = PBXBuildFile; fileRef = F618DC38258A914200DEB613 /* ChatListViewController.swift */; };
		F618DC3C258A917D00DEB613 /* ProfileViewController.swift in Sources */ = {isa = PBXBuildFile; fileRef = F618DC3B258A917D00DEB613 /* ProfileViewController.swift */; };
		F618DC43258A947600DEB613 /* GoogleService-Info.plist in Resources */ = {isa = PBXBuildFile; fileRef = F618DC42258A947600DEB613 /* GoogleService-Info.plist */; };
		F640EAB9258BAFEF00C63B90 /* ChatList.swift in Sources */ = {isa = PBXBuildFile; fileRef = F640EAB8258BAFEF00C63B90 /* ChatList.swift */; };
		F67DCF792587BE79002AE9DE /* ImageManager.swift in Sources */ = {isa = PBXBuildFile; fileRef = F67DCF782587BE79002AE9DE /* ImageManager.swift */; };
		F67DCF7D2587BEEE002AE9DE /* ImageData.swift in Sources */ = {isa = PBXBuildFile; fileRef = F67DCF7C2587BEEE002AE9DE /* ImageData.swift */; };
		F67DCF802587C060002AE9DE /* ImageModel.swift in Sources */ = {isa = PBXBuildFile; fileRef = F67DCF7F2587C060002AE9DE /* ImageModel.swift */; };
		F6C159F3258676A5004A862E /* AppDelegate.swift in Sources */ = {isa = PBXBuildFile; fileRef = F6C159F2258676A5004A862E /* AppDelegate.swift */; };
		F6C159F5258676A5004A862E /* SceneDelegate.swift in Sources */ = {isa = PBXBuildFile; fileRef = F6C159F4258676A5004A862E /* SceneDelegate.swift */; };
		F6C159F7258676A5004A862E /* MatchViewController.swift in Sources */ = {isa = PBXBuildFile; fileRef = F6C159F6258676A5004A862E /* MatchViewController.swift */; };
		F6C159FA258676A5004A862E /* Main.storyboard in Resources */ = {isa = PBXBuildFile; fileRef = F6C159F8258676A5004A862E /* Main.storyboard */; };
		F6C159FC258676A5004A862E /* Assets.xcassets in Resources */ = {isa = PBXBuildFile; fileRef = F6C159FB258676A5004A862E /* Assets.xcassets */; };
		F6C159FF258676A5004A862E /* LaunchScreen.storyboard in Resources */ = {isa = PBXBuildFile; fileRef = F6C159FD258676A5004A862E /* LaunchScreen.storyboard */; };
		F6DDCC43258CFFA80089BBE4 /* Messages.swift in Sources */ = {isa = PBXBuildFile; fileRef = F6DDCC42258CFFA80089BBE4 /* Messages.swift */; };
		F6DDCC4B258D1A540089BBE4 /* ChatViewController.swift in Sources */ = {isa = PBXBuildFile; fileRef = F6DDCC4A258D1A540089BBE4 /* ChatViewController.swift */; };
/* End PBXBuildFile section */

/* Begin PBXFileReference section */
		1534E929282C81292B023966 /* Pods-Bark or Bite.debug.xcconfig */ = {isa = PBXFileReference; includeInIndex = 1; lastKnownFileType = text.xcconfig; name = "Pods-Bark or Bite.debug.xcconfig"; path = "Target Support Files/Pods-Bark or Bite/Pods-Bark or Bite.debug.xcconfig"; sourceTree = "<group>"; };
		B094FD5D752078E23CE81216 /* Pods_Bark_or_Bite.framework */ = {isa = PBXFileReference; explicitFileType = wrapper.framework; includeInIndex = 0; path = Pods_Bark_or_Bite.framework; sourceTree = BUILT_PRODUCTS_DIR; };
		F618DC38258A914200DEB613 /* ChatListViewController.swift */ = {isa = PBXFileReference; lastKnownFileType = sourcecode.swift; path = ChatListViewController.swift; sourceTree = "<group>"; };
		F618DC3B258A917D00DEB613 /* ProfileViewController.swift */ = {isa = PBXFileReference; lastKnownFileType = sourcecode.swift; path = ProfileViewController.swift; sourceTree = "<group>"; };
		F618DC42258A947600DEB613 /* GoogleService-Info.plist */ = {isa = PBXFileReference; fileEncoding = 4; lastKnownFileType = text.plist.xml; path = "GoogleService-Info.plist"; sourceTree = "<group>"; };
		F640EAB8258BAFEF00C63B90 /* ChatList.swift */ = {isa = PBXFileReference; lastKnownFileType = sourcecode.swift; path = ChatList.swift; sourceTree = "<group>"; };
		F67DCF782587BE79002AE9DE /* ImageManager.swift */ = {isa = PBXFileReference; lastKnownFileType = sourcecode.swift; path = ImageManager.swift; sourceTree = "<group>"; };
		F67DCF7C2587BEEE002AE9DE /* ImageData.swift */ = {isa = PBXFileReference; lastKnownFileType = sourcecode.swift; path = ImageData.swift; sourceTree = "<group>"; };
		F67DCF7F2587C060002AE9DE /* ImageModel.swift */ = {isa = PBXFileReference; lastKnownFileType = sourcecode.swift; path = ImageModel.swift; sourceTree = "<group>"; };
		F6C159EF258676A5004A862E /* Bark or Bite.app */ = {isa = PBXFileReference; explicitFileType = wrapper.application; includeInIndex = 0; path = "Bark or Bite.app"; sourceTree = BUILT_PRODUCTS_DIR; };
		F6C159F2258676A5004A862E /* AppDelegate.swift */ = {isa = PBXFileReference; lastKnownFileType = sourcecode.swift; path = AppDelegate.swift; sourceTree = "<group>"; };
		F6C159F4258676A5004A862E /* SceneDelegate.swift */ = {isa = PBXFileReference; lastKnownFileType = sourcecode.swift; path = SceneDelegate.swift; sourceTree = "<group>"; };
		F6C159F6258676A5004A862E /* MatchViewController.swift */ = {isa = PBXFileReference; lastKnownFileType = sourcecode.swift; path = MatchViewController.swift; sourceTree = "<group>"; };
		F6C159F9258676A5004A862E /* Base */ = {isa = PBXFileReference; lastKnownFileType = file.storyboard; name = Base; path = Base.lproj/Main.storyboard; sourceTree = "<group>"; };
		F6C159FB258676A5004A862E /* Assets.xcassets */ = {isa = PBXFileReference; lastKnownFileType = folder.assetcatalog; path = Assets.xcassets; sourceTree = "<group>"; };
		F6C159FE258676A5004A862E /* Base */ = {isa = PBXFileReference; lastKnownFileType = file.storyboard; name = Base; path = Base.lproj/LaunchScreen.storyboard; sourceTree = "<group>"; };
		F6C15A00258676A5004A862E /* Info.plist */ = {isa = PBXFileReference; lastKnownFileType = text.plist.xml; path = Info.plist; sourceTree = "<group>"; };
		F6DDCC42258CFFA80089BBE4 /* Messages.swift */ = {isa = PBXFileReference; lastKnownFileType = sourcecode.swift; path = Messages.swift; sourceTree = "<group>"; };
		F6DDCC4A258D1A540089BBE4 /* ChatViewController.swift */ = {isa = PBXFileReference; lastKnownFileType = sourcecode.swift; path = ChatViewController.swift; sourceTree = "<group>"; };
		FA885B44F447C93F7531544D /* Pods-Bark or Bite.release.xcconfig */ = {isa = PBXFileReference; includeInIndex = 1; lastKnownFileType = text.xcconfig; name = "Pods-Bark or Bite.release.xcconfig"; path = "Target Support Files/Pods-Bark or Bite/Pods-Bark or Bite.release.xcconfig"; sourceTree = "<group>"; };
/* End PBXFileReference section */

/* Begin PBXFrameworksBuildPhase section */
		F6C159EC258676A5004A862E /* Frameworks */ = {
			isa = PBXFrameworksBuildPhase;
			buildActionMask = 2147483647;
			files = (
				3BC20EF833A53685D34601B0 /* Pods_Bark_or_Bite.framework in Frameworks */,
			);
			runOnlyForDeploymentPostprocessing = 0;
		};
/* End PBXFrameworksBuildPhase section */

/* Begin PBXGroup section */
		A995B7791E3E99F197740E97 /* Frameworks */ = {
			isa = PBXGroup;
			children = (
				B094FD5D752078E23CE81216 /* Pods_Bark_or_Bite.framework */,
			);
			name = Frameworks;
			sourceTree = "<group>";
		};
		ED1FC2EE71BA559D701944BA /* Pods */ = {
			isa = PBXGroup;
			children = (
				1534E929282C81292B023966 /* Pods-Bark or Bite.debug.xcconfig */,
				FA885B44F447C93F7531544D /* Pods-Bark or Bite.release.xcconfig */,
			);
			path = Pods;
			sourceTree = "<group>";
		};
		F67DCF732587BE17002AE9DE /* Supporting Files */ = {
			isa = PBXGroup;
			children = (
				F6C159FB258676A5004A862E /* Assets.xcassets */,
				F6C159FD258676A5004A862E /* LaunchScreen.storyboard */,
				F6C159F2258676A5004A862E /* AppDelegate.swift */,
				F6C159F4258676A5004A862E /* SceneDelegate.swift */,
			);
			path = "Supporting Files";
			sourceTree = "<group>";
		};
		F67DCF742587BE2F002AE9DE /* View */ = {
			isa = PBXGroup;
			children = (
				F6C159F8258676A5004A862E /* Main.storyboard */,
			);
			path = View;
			sourceTree = "<group>";
		};
		F67DCF752587BE3C002AE9DE /* Model */ = {
			isa = PBXGroup;
			children = (
				F67DCF782587BE79002AE9DE /* ImageManager.swift */,
				F67DCF7C2587BEEE002AE9DE /* ImageData.swift */,
				F67DCF7F2587C060002AE9DE /* ImageModel.swift */,
				F640EAB8258BAFEF00C63B90 /* ChatList.swift */,
				F6DDCC42258CFFA80089BBE4 /* Messages.swift */,
			);
			path = Model;
			sourceTree = "<group>";
		};
		F67DCF762587BE46002AE9DE /* Controller */ = {
			isa = PBXGroup;
			children = (
				F6C159F6258676A5004A862E /* MatchViewController.swift */,
				F618DC38258A914200DEB613 /* ChatListViewController.swift */,
				F6DDCC4A258D1A540089BBE4 /* ChatViewController.swift */,
				F618DC3B258A917D00DEB613 /* ProfileViewController.swift */,
			);
			path = Controller;
			sourceTree = "<group>";
		};
		F6C159E6258676A4004A862E = {
			isa = PBXGroup;
			children = (
				F6C159F1258676A5004A862E /* Bark or Bite */,
				F6C159F0258676A5004A862E /* Products */,
				ED1FC2EE71BA559D701944BA /* Pods */,
				A995B7791E3E99F197740E97 /* Frameworks */,
			);
			sourceTree = "<group>";
		};
		F6C159F0258676A5004A862E /* Products */ = {
			isa = PBXGroup;
			children = (
				F6C159EF258676A5004A862E /* Bark or Bite.app */,
			);
			name = Products;
			sourceTree = "<group>";
		};
		F6C159F1258676A5004A862E /* Bark or Bite */ = {
			isa = PBXGroup;
			children = (
				F67DCF752587BE3C002AE9DE /* Model */,
				F67DCF742587BE2F002AE9DE /* View */,
				F67DCF762587BE46002AE9DE /* Controller */,
				F6C15A00258676A5004A862E /* Info.plist */,
				F618DC42258A947600DEB613 /* GoogleService-Info.plist */,
				F67DCF732587BE17002AE9DE /* Supporting Files */,
			);
			path = "Bark or Bite";
			sourceTree = "<group>";
		};
/* End PBXGroup section */

/* Begin PBXNativeTarget section */
		F6C159EE258676A5004A862E /* Bark or Bite */ = {
			isa = PBXNativeTarget;
			buildConfigurationList = F6C15A03258676A5004A862E /* Build configuration list for PBXNativeTarget "Bark or Bite" */;
			buildPhases = (
				85BF8F6FCAD8BC2FE57C4920 /* [CP] Check Pods Manifest.lock */,
				F6C159EB258676A5004A862E /* Sources */,
				F6C159EC258676A5004A862E /* Frameworks */,
				F6C159ED258676A5004A862E /* Resources */,
				C2A4A495F6990F34B5B68EA4 /* [CP] Embed Pods Frameworks */,
			);
			buildRules = (
			);
			dependencies = (
			);
			name = "Bark or Bite";
			productName = "Bark or Bite";
			productReference = F6C159EF258676A5004A862E /* Bark or Bite.app */;
			productType = "com.apple.product-type.application";
		};
/* End PBXNativeTarget section */

/* Begin PBXProject section */
		F6C159E7258676A4004A862E /* Project object */ = {
			isa = PBXProject;
			attributes = {
				LastSwiftUpdateCheck = 1220;
				LastUpgradeCheck = 1220;
				TargetAttributes = {
					F6C159EE258676A5004A862E = {
						CreatedOnToolsVersion = 12.2;
					};
				};
			};
			buildConfigurationList = F6C159EA258676A4004A862E /* Build configuration list for PBXProject "Bark or Bite" */;
			compatibilityVersion = "Xcode 9.3";
			developmentRegion = en;
			hasScannedForEncodings = 0;
			knownRegions = (
				en,
				Base,
			);
			mainGroup = F6C159E6258676A4004A862E;
			productRefGroup = F6C159F0258676A5004A862E /* Products */;
			projectDirPath = "";
			projectRoot = "";
			targets = (
				F6C159EE258676A5004A862E /* Bark or Bite */,
			);
		};
/* End PBXProject section */

/* Begin PBXResourcesBuildPhase section */
		F6C159ED258676A5004A862E /* Resources */ = {
			isa = PBXResourcesBuildPhase;
			buildActionMask = 2147483647;
			files = (
				F6C159FF258676A5004A862E /* LaunchScreen.storyboard in Resources */,
				F618DC43258A947600DEB613 /* GoogleService-Info.plist in Resources */,
				F6C159FC258676A5004A862E /* Assets.xcassets in Resources */,
				F6C159FA258676A5004A862E /* Main.storyboard in Resources */,
			);
			runOnlyForDeploymentPostprocessing = 0;
		};
/* End PBXResourcesBuildPhase section */

/* Begin PBXShellScriptBuildPhase section */
		85BF8F6FCAD8BC2FE57C4920 /* [CP] Check Pods Manifest.lock */ = {
			isa = PBXShellScriptBuildPhase;
			buildActionMask = 2147483647;
			files = (
			);
			inputFileListPaths = (
			);
			inputPaths = (
				"${PODS_PODFILE_DIR_PATH}/Podfile.lock",
				"${PODS_ROOT}/Manifest.lock",
			);
			name = "[CP] Check Pods Manifest.lock";
			outputFileListPaths = (
			);
			outputPaths = (
				"$(DERIVED_FILE_DIR)/Pods-Bark or Bite-checkManifestLockResult.txt",
			);
			runOnlyForDeploymentPostprocessing = 0;
			shellPath = /bin/sh;
			shellScript = "diff \"${PODS_PODFILE_DIR_PATH}/Podfile.lock\" \"${PODS_ROOT}/Manifest.lock\" > /dev/null\nif [ $? != 0 ] ; then\n    # print error to STDERR\n    echo \"error: The sandbox is not in sync with the Podfile.lock. Run 'pod install' or update your CocoaPods installation.\" >&2\n    exit 1\nfi\n# This output is used by Xcode 'outputs' to avoid re-running this script phase.\necho \"SUCCESS\" > \"${SCRIPT_OUTPUT_FILE_0}\"\n";
			showEnvVarsInLog = 0;
		};
		C2A4A495F6990F34B5B68EA4 /* [CP] Embed Pods Frameworks */ = {
			isa = PBXShellScriptBuildPhase;
			buildActionMask = 2147483647;
			files = (
			);
			inputFileListPaths = (
				"${PODS_ROOT}/Target Support Files/Pods-Bark or Bite/Pods-Bark or Bite-frameworks-${CONFIGURATION}-input-files.xcfilelist",
			);
			name = "[CP] Embed Pods Frameworks";
			outputFileListPaths = (
				"${PODS_ROOT}/Target Support Files/Pods-Bark or Bite/Pods-Bark or Bite-frameworks-${CONFIGURATION}-output-files.xcfilelist",
			);
			runOnlyForDeploymentPostprocessing = 0;
			shellPath = /bin/sh;
			shellScript = "\"${PODS_ROOT}/Target Support Files/Pods-Bark or Bite/Pods-Bark or Bite-frameworks.sh\"\n";
			showEnvVarsInLog = 0;
		};
/* End PBXShellScriptBuildPhase section */

/* Begin PBXSourcesBuildPhase section */
		F6C159EB258676A5004A862E /* Sources */ = {
			isa = PBXSourcesBuildPhase;
			buildActionMask = 2147483647;
			files = (
				F6C159F7258676A5004A862E /* MatchViewController.swift in Sources */,
				F67DCF802587C060002AE9DE /* ImageModel.swift in Sources */,
				F6DDCC4B258D1A540089BBE4 /* ChatViewController.swift in Sources */,
				F6C159F3258676A5004A862E /* AppDelegate.swift in Sources */,
				F618DC39258A914200DEB613 /* ChatListViewController.swift in Sources */,
				F6C159F5258676A5004A862E /* SceneDelegate.swift in Sources */,
				F67DCF7D2587BEEE002AE9DE /* ImageData.swift in Sources */,
				F618DC3C258A917D00DEB613 /* ProfileViewController.swift in Sources */,
				F6DDCC43258CFFA80089BBE4 /* Messages.swift in Sources */,
				F640EAB9258BAFEF00C63B90 /* ChatList.swift in Sources */,
				F67DCF792587BE79002AE9DE /* ImageManager.swift in Sources */,
			);
			runOnlyForDeploymentPostprocessing = 0;
		};
/* End PBXSourcesBuildPhase section */

/* Begin PBXVariantGroup section */
		F6C159F8258676A5004A862E /* Main.storyboard */ = {
			isa = PBXVariantGroup;
			children = (
				F6C159F9258676A5004A862E /* Base */,
			);
			name = Main.storyboard;
			sourceTree = "<group>";
		};
		F6C159FD258676A5004A862E /* LaunchScreen.storyboard */ = {
			isa = PBXVariantGroup;
			children = (
				F6C159FE258676A5004A862E /* Base */,
			);
			name = LaunchScreen.storyboard;
			sourceTree = "<group>";
		};
/* End PBXVariantGroup section */

/* Begin XCBuildConfiguration section */
		F6C15A01258676A5004A862E /* Debug */ = {
			isa = XCBuildConfiguration;
			buildSettings = {
				ALWAYS_SEARCH_USER_PATHS = NO;
				CLANG_ANALYZER_NONNULL = YES;
				CLANG_ANALYZER_NUMBER_OBJECT_CONVERSION = YES_AGGRESSIVE;
				CLANG_CXX_LANGUAGE_STANDARD = "gnu++14";
				CLANG_CXX_LIBRARY = "libc++";
				CLANG_ENABLE_MODULES = YES;
				CLANG_ENABLE_OBJC_ARC = YES;
				CLANG_ENABLE_OBJC_WEAK = YES;
				CLANG_WARN_BLOCK_CAPTURE_AUTORELEASING = YES;
				CLANG_WARN_BOOL_CONVERSION = YES;
				CLANG_WARN_COMMA = YES;
				CLANG_WARN_CONSTANT_CONVERSION = YES;
				CLANG_WARN_DEPRECATED_OBJC_IMPLEMENTATIONS = YES;
				CLANG_WARN_DIRECT_OBJC_ISA_USAGE = YES_ERROR;
				CLANG_WARN_DOCUMENTATION_COMMENTS = YES;
				CLANG_WARN_EMPTY_BODY = YES;
				CLANG_WARN_ENUM_CONVERSION = YES;
				CLANG_WARN_INFINITE_RECURSION = YES;
				CLANG_WARN_INT_CONVERSION = YES;
				CLANG_WARN_NON_LITERAL_NULL_CONVERSION = YES;
				CLANG_WARN_OBJC_IMPLICIT_RETAIN_SELF = YES;
				CLANG_WARN_OBJC_LITERAL_CONVERSION = YES;
				CLANG_WARN_OBJC_ROOT_CLASS = YES_ERROR;
				CLANG_WARN_QUOTED_INCLUDE_IN_FRAMEWORK_HEADER = YES;
				CLANG_WARN_RANGE_LOOP_ANALYSIS = YES;
				CLANG_WARN_STRICT_PROTOTYPES = YES;
				CLANG_WARN_SUSPICIOUS_MOVE = YES;
				CLANG_WARN_UNGUARDED_AVAILABILITY = YES_AGGRESSIVE;
				CLANG_WARN_UNREACHABLE_CODE = YES;
				CLANG_WARN__DUPLICATE_METHOD_MATCH = YES;
				COPY_PHASE_STRIP = NO;
				DEBUG_INFORMATION_FORMAT = dwarf;
				ENABLE_STRICT_OBJC_MSGSEND = YES;
				ENABLE_TESTABILITY = YES;
				GCC_C_LANGUAGE_STANDARD = gnu11;
				GCC_DYNAMIC_NO_PIC = NO;
				GCC_NO_COMMON_BLOCKS = YES;
				GCC_OPTIMIZATION_LEVEL = 0;
				GCC_PREPROCESSOR_DEFINITIONS = (
					"DEBUG=1",
					"$(inherited)",
				);
				GCC_WARN_64_TO_32_BIT_CONVERSION = YES;
				GCC_WARN_ABOUT_RETURN_TYPE = YES_ERROR;
				GCC_WARN_UNDECLARED_SELECTOR = YES;
				GCC_WARN_UNINITIALIZED_AUTOS = YES_AGGRESSIVE;
				GCC_WARN_UNUSED_FUNCTION = YES;
				GCC_WARN_UNUSED_VARIABLE = YES;
				IPHONEOS_DEPLOYMENT_TARGET = 14.2;
				MTL_ENABLE_DEBUG_INFO = INCLUDE_SOURCE;
				MTL_FAST_MATH = YES;
				ONLY_ACTIVE_ARCH = YES;
				SDKROOT = iphoneos;
				SWIFT_ACTIVE_COMPILATION_CONDITIONS = DEBUG;
				SWIFT_OPTIMIZATION_LEVEL = "-Onone";
			};
			name = Debug;
		};
		F6C15A02258676A5004A862E /* Release */ = {
			isa = XCBuildConfiguration;
			buildSettings = {
				ALWAYS_SEARCH_USER_PATHS = NO;
				CLANG_ANALYZER_NONNULL = YES;
				CLANG_ANALYZER_NUMBER_OBJECT_CONVERSION = YES_AGGRESSIVE;
				CLANG_CXX_LANGUAGE_STANDARD = "gnu++14";
				CLANG_CXX_LIBRARY = "libc++";
				CLANG_ENABLE_MODULES = YES;
				CLANG_ENABLE_OBJC_ARC = YES;
				CLANG_ENABLE_OBJC_WEAK = YES;
				CLANG_WARN_BLOCK_CAPTURE_AUTORELEASING = YES;
				CLANG_WARN_BOOL_CONVERSION = YES;
				CLANG_WARN_COMMA = YES;
				CLANG_WARN_CONSTANT_CONVERSION = YES;
				CLANG_WARN_DEPRECATED_OBJC_IMPLEMENTATIONS = YES;
				CLANG_WARN_DIRECT_OBJC_ISA_USAGE = YES_ERROR;
				CLANG_WARN_DOCUMENTATION_COMMENTS = YES;
				CLANG_WARN_EMPTY_BODY = YES;
				CLANG_WARN_ENUM_CONVERSION = YES;
				CLANG_WARN_INFINITE_RECURSION = YES;
				CLANG_WARN_INT_CONVERSION = YES;
				CLANG_WARN_NON_LITERAL_NULL_CONVERSION = YES;
				CLANG_WARN_OBJC_IMPLICIT_RETAIN_SELF = YES;
				CLANG_WARN_OBJC_LITERAL_CONVERSION = YES;
				CLANG_WARN_OBJC_ROOT_CLASS = YES_ERROR;
				CLANG_WARN_QUOTED_INCLUDE_IN_FRAMEWORK_HEADER = YES;
				CLANG_WARN_RANGE_LOOP_ANALYSIS = YES;
				CLANG_WARN_STRICT_PROTOTYPES = YES;
				CLANG_WARN_SUSPICIOUS_MOVE = YES;
				CLANG_WARN_UNGUARDED_AVAILABILITY = YES_AGGRESSIVE;
				CLANG_WARN_UNREACHABLE_CODE = YES;
				CLANG_WARN__DUPLICATE_METHOD_MATCH = YES;
				COPY_PHASE_STRIP = NO;
				DEBUG_INFORMATION_FORMAT = "dwarf-with-dsym";
				ENABLE_NS_ASSERTIONS = NO;
				ENABLE_STRICT_OBJC_MSGSEND = YES;
				GCC_C_LANGUAGE_STANDARD = gnu11;
				GCC_NO_COMMON_BLOCKS = YES;
				GCC_WARN_64_TO_32_BIT_CONVERSION = YES;
				GCC_WARN_ABOUT_RETURN_TYPE = YES_ERROR;
				GCC_WARN_UNDECLARED_SELECTOR = YES;
				GCC_WARN_UNINITIALIZED_AUTOS = YES_AGGRESSIVE;
				GCC_WARN_UNUSED_FUNCTION = YES;
				GCC_WARN_UNUSED_VARIABLE = YES;
				IPHONEOS_DEPLOYMENT_TARGET = 14.2;
				MTL_ENABLE_DEBUG_INFO = NO;
				MTL_FAST_MATH = YES;
				SDKROOT = iphoneos;
				SWIFT_COMPILATION_MODE = wholemodule;
				SWIFT_OPTIMIZATION_LEVEL = "-O";
				VALIDATE_PRODUCT = YES;
			};
			name = Release;
		};
		F6C15A04258676A5004A862E /* Debug */ = {
			isa = XCBuildConfiguration;
			baseConfigurationReference = 1534E929282C81292B023966 /* Pods-Bark or Bite.debug.xcconfig */;
			buildSettings = {
				ASSETCATALOG_COMPILER_APPICON_NAME = AppIcon;
				ASSETCATALOG_COMPILER_GLOBAL_ACCENT_COLOR_NAME = AccentColor;
				CODE_SIGN_STYLE = Automatic;
				DEVELOPMENT_TEAM = V7RDC2MB7X;
				INFOPLIST_FILE = "Bark or Bite/Info.plist";
				IPHONEOS_DEPLOYMENT_TARGET = 13.0;
				LD_RUNPATH_SEARCH_PATHS = (
					"$(inherited)",
					"@executable_path/Frameworks",
				);
				PRODUCT_BUNDLE_IDENTIFIER = "com.rivaroni.Bark-or-Bite";
				PRODUCT_NAME = "$(TARGET_NAME)";
				SWIFT_VERSION = 5.0;
				TARGETED_DEVICE_FAMILY = "1,2";
			};
			name = Debug;
		};
		F6C15A05258676A5004A862E /* Release */ = {
			isa = XCBuildConfiguration;
			baseConfigurationReference = FA885B44F447C93F7531544D /* Pods-Bark or Bite.release.xcconfig */;
			buildSettings = {
				ASSETCATALOG_COMPILER_APPICON_NAME = AppIcon;
				ASSETCATALOG_COMPILER_GLOBAL_ACCENT_COLOR_NAME = AccentColor;
				CODE_SIGN_STYLE = Automatic;
				DEVELOPMENT_TEAM = V7RDC2MB7X;
				INFOPLIST_FILE = "Bark or Bite/Info.plist";
				IPHONEOS_DEPLOYMENT_TARGET = 13.0;
				LD_RUNPATH_SEARCH_PATHS = (
					"$(inherited)",
					"@executable_path/Frameworks",
				);
				PRODUCT_BUNDLE_IDENTIFIER = "com.rivaroni.Bark-or-Bite";
				PRODUCT_NAME = "$(TARGET_NAME)";
				SWIFT_VERSION = 5.0;
				TARGETED_DEVICE_FAMILY = "1,2";
			};
			name = Release;
		};
/* End XCBuildConfiguration section */

/* Begin XCConfigurationList section */
		F6C159EA258676A4004A862E /* Build configuration list for PBXProject "Bark or Bite" */ = {
			isa = XCConfigurationList;
			buildConfigurations = (
				F6C15A01258676A5004A862E /* Debug */,
				F6C15A02258676A5004A862E /* Release */,
			);
			defaultConfigurationIsVisible = 0;
			defaultConfigurationName = Release;
		};
		F6C15A03258676A5004A862E /* Build configuration list for PBXNativeTarget "Bark or Bite" */ = {
			isa = XCConfigurationList;
			buildConfigurations = (
				F6C15A04258676A5004A862E /* Debug */,
				F6C15A05258676A5004A862E /* Release */,
			);
			defaultConfigurationIsVisible = 0;
			defaultConfigurationName = Release;
		};
/* End XCConfigurationList section */
	};
	rootObject = F6C159E7258676A4004A862E /* Project object */;
}
